# This file is generated by running "yarn install" inside your project.
# Manual changes might be lost - proceed with caution!

__metadata:
  version: 6
  cacheKey: 8

"@faker-js/faker@npm:^7.5.0":
  version: 7.5.0
  resolution: "@faker-js/faker@npm:7.5.0"
  checksum: 6f2c48a8017d486eddfe2c3e0b743b810bcc948e5dbd1395c44a38471294584636f565cb081517ce90b634f50d8678d1d38d0f7b6b48b7d402e0a2602cf4f2d9
  languageName: node
  linkType: hard

"a-sync-waterfall@npm:^1.0.0":
  version: 1.0.1
  resolution: "a-sync-waterfall@npm:1.0.1"
  checksum: 534948b50d6787c2dd5b7e89179b30c0fd96ac80a662d0f92eaa568cfffb36f1eea4aa720e3a21572d8b5f8686940954ac9d8c7667bcc719c1317ae3bdf86fe0
  languageName: node
  linkType: hard

"asap@npm:^2.0.3":
  version: 2.0.6
  resolution: "asap@npm:2.0.6"
  checksum: b296c92c4b969e973260e47523207cd5769abd27c245a68c26dc7a0fe8053c55bb04360237cb51cab1df52be939da77150ace99ad331fb7fb13b3423ed73ff3d
  languageName: node
  linkType: hard

"commander@npm:^5.1.0":
  version: 5.1.0
  resolution: "commander@npm:5.1.0"
  checksum: 0b7fec1712fbcc6230fcb161d8d73b4730fa91a21dc089515489402ad78810547683f058e2a9835929c212fead1d6a6ade70db28bbb03edbc2829a9ab7d69447
  languageName: node
  linkType: hard

"nunjucks@npm:^3.2.3":
  version: 3.2.3
  resolution: "nunjucks@npm:3.2.3"
  dependencies:
    a-sync-waterfall: ^1.0.0
    asap: ^2.0.3
    commander: ^5.1.0
  peerDependencies:
    chokidar: ^3.3.0
  peerDependenciesMeta:
    chokidar:
      optional: true
  bin:
    nunjucks-precompile: bin/precompile
  checksum: 9d0125acf917166675af2d9b5d525b6d3edaba68ec6f8c92edee8ad05140cfa8aef12feb46f4c3da52ed2836cadfb9d26fbf1fa9d9be6bef4660d03ce1e89dbe
  languageName: node
  linkType: hard

"root-workspace-0b6124@workspace:.":
  version: 0.0.0-use.local
  resolution: "root-workspace-0b6124@workspace:."
  dependencies:
    "@faker-js/faker": ^7.5.0
    nunjucks: ^3.2.3
  languageName: unknown
  linkType: soft
